{
  "name": "mode-Stellar-iPredict",
  "version": "0.1.0",
  "lockfileVersion": 3,
  "requires": true,
  "packages": {
    "backend": {
      "name": "ipredict-backend",
      "version": "0.1.0",
      "extraneous": true,
      "dependencies": {
        "@fastify/cors": "^11.3.0",
        "@fastify/helmet": "^13.1.0",
        "@fastify/swagger": "^9.8.1",
        "fastify": "^5.8.5",
        "ioredis": "^5.11.1",
        "pg": "^8.13.1",
        "zod": "^4.4.3"
      },
      "devDependencies": {
        "@types/ioredis": "^4.28.10",
        "@types/node": "^20.0.0",
        "@types/pg": "^8.11.10",
        "typescript": "^5.7.3",
        "vitest": "^2.1.9"
      }
    },
    "frontend": {
      "name": "ipredict-frontend",
      "version": "0.1.0",
      "extraneous": true,
      "dependencies": {
        "@creit.tech/stellar-wallets-kit": "^1.2.0",
        "@stellar/stellar-sdk": "^14.5.0",
        "buffer": "^6.0.3",
        "next": "^14.2.29",
        "react": "^18.3.1",
        "react-dom": "^18.3.1",
        "react-icons": "^5.4.0"
      },
      "devDependencies": {
        "@testing-library/dom": "^10.4.1",
        "@testing-library/jest-dom": "^6.6.3",
        "@testing-library/react": "^16.1.0",
        "@types/node": "^22.13.5",
        "@types/react": "^18.3.18",
        "@types/react-dom": "^18.3.5",
        "autoprefixer": "^10.4.20",
        "jsdom": "^25.0.1",
        "postcss": "^8.5.3",
        "tailwindcss": "^3.4.17",
        "typescript": "^5.7.3",
        "vitest": "^2.1.8"
      }
    },
    "indexer": {
      "name": "ipredict-indexer",
      "version": "0.1.0",
      "extraneous": true,
      "dependencies": {
        "@stellar/stellar-sdk": "^14.5.0",
        "ioredis": "^5.4.1",
        "pg": "^8.13.3"
      },
      "devDependencies": {
        "@types/node": "^22.13.5",
        "@types/pg": "^8.11.11",
        "testcontainers": "^10.24.1",
        "tsx": "^4.19.2",
        "typescript": "^5.7.3",
        "vitest": "^2.1.8"
      },
      "engines": {
        "node": ">=20"
      }
    }
  }
}
